// !$*UTF8*$!
{
	archiveVersion = 1;
	classes = {
	};
	objectVersion = 48;
	objects = {

/* Begin PBXBuildFile section */
		E533E8FA1FE02A85001685D0 /* GMapViewController.swift in Sources */ = {isa = PBXBuildFile; fileRef = E533E8F91FE02A85001685D0 /* GMapViewController.swift */; };
		E533E8FC1FE02E76001685D0 /* IntroductionViewController.swift in Sources */ = {isa = PBXBuildFile; fileRef = E533E8FB1FE02E76001685D0 /* IntroductionViewController.swift */; };
		E55A97411FCD547700D69251 /* bleu.png in Resources */ = {isa = PBXBuildFile; fileRef = E55A97401FCD547700D69251 /* bleu.png */; };
		E55A97431FCD548000D69251 /* terre.png in Resources */ = {isa = PBXBuildFile; fileRef = E55A97421FCD548000D69251 /* terre.png */; };
		E55A97451FCD5F2B00D69251 /* title.png in Resources */ = {isa = PBXBuildFile; fileRef = E55A97441FCD5F2A00D69251 /* title.png */; };
		E55A97471FCD71DB00D69251 /* uga.png in Resources */ = {isa = PBXBuildFile; fileRef = E55A97461FCD71DB00D69251 /* uga.png */; };
		E5841ADB1FE13CA100DFD2CD /* AmeriqueNordViewController.swift in Sources */ = {isa = PBXBuildFile; fileRef = E5841ADA1FE13CA100DFD2CD /* AmeriqueNordViewController.swift */; };
		E5841ADD1FE13D4D00DFD2CD /* AmeriqueSudViewController.swift in Sources */ = {isa = PBXBuildFile; fileRef = E5841ADC1FE13D4D00DFD2CD /* AmeriqueSudViewController.swift */; };
		E5841ADF1FE13DFE00DFD2CD /* AntarctiqueViewController.swift in Sources */ = {isa = PBXBuildFile; fileRef = E5841ADE1FE13DFE00DFD2CD /* AntarctiqueViewController.swift */; };
		E5841AE11FE13E3400DFD2CD /* ArctiqueViewController.swift in Sources */ = {isa = PBXBuildFile; fileRef = E5841AE01FE13E3400DFD2CD /* ArctiqueViewController.swift */; };
		E5841AE51FE13E9C00DFD2CD /* EuropeViewController.swift in Sources */ = {isa = PBXBuildFile; fileRef = E5841AE41FE13E9C00DFD2CD /* EuropeViewController.swift */; };
		E5841AE71FE13EE400DFD2CD /* AsieViewController.swift in Sources */ = {isa = PBXBuildFile; fileRef = E5841AE61FE13EE400DFD2CD /* AsieViewController.swift */; };
		E5841AE91FE13EFC00DFD2CD /* OceanieViewController.swift in Sources */ = {isa = PBXBuildFile; fileRef = E5841AE81FE13EFC00DFD2CD /* OceanieViewController.swift */; };
		E5AC38C01FCEB4C300D85821 /* ameriquenord.png in Resources */ = {isa = PBXBuildFile; fileRef = E5AC38BA1FCEB4C300D85821 /* ameriquenord.png */; };
		E5AC38C11FCEB4C300D85821 /* ameriquesud.png in Resources */ = {isa = PBXBuildFile; fileRef = E5AC38BB1FCEB4C300D85821 /* ameriquesud.png */; };
		E5AC38C21FCEB4C300D85821 /* arctique.gif in Resources */ = {isa = PBXBuildFile; fileRef = E5AC38BC1FCEB4C300D85821 /* arctique.gif */; };
		E5AC38C31FCEB4C300D85821 /* afrique.png in Resources */ = {isa = PBXBuildFile; fileRef = E5AC38BD1FCEB4C300D85821 /* afrique.png */; };
		E5AC38C41FCEB4C300D85821 /* asie.png in Resources */ = {isa = PBXBuildFile; fileRef = E5AC38BE1FCEB4C300D85821 /* asie.png */; };
		E5AC38C51FCEB4C300D85821 /* antarctique.png in Resources */ = {isa = PBXBuildFile; fileRef = E5AC38BF1FCEB4C300D85821 /* antarctique.png */; };
		E5AC38C81FCEB4CE00D85821 /* fleche.png in Resources */ = {isa = PBXBuildFile; fileRef = E5AC38C61FCEB4CD00D85821 /* fleche.png */; };
		E5AC38C91FCEB4CE00D85821 /* europe.png in Resources */ = {isa = PBXBuildFile; fileRef = E5AC38C71FCEB4CD00D85821 /* europe.png */; };
		E5AC38CB1FCEB4D300D85821 /* oceanie.png in Resources */ = {isa = PBXBuildFile; fileRef = E5AC38CA1FCEB4D300D85821 /* oceanie.png */; };
		E5CD5F1A1FC851D8004824F1 /* AppDelegate.swift in Sources */ = {isa = PBXBuildFile; fileRef = E5CD5F191FC851D8004824F1 /* AppDelegate.swift */; };
		E5CD5F1C1FC851D8004824F1 /* ViewController.swift in Sources */ = {isa = PBXBuildFile; fileRef = E5CD5F1B1FC851D8004824F1 /* ViewController.swift */; };
		E5CD5F1F1FC851D8004824F1 /* Main.storyboard in Resources */ = {isa = PBXBuildFile; fileRef = E5CD5F1D1FC851D8004824F1 /* Main.storyboard */; };
		E5CD5F211FC851D8004824F1 /* Assets.xcassets in Resources */ = {isa = PBXBuildFile; fileRef = E5CD5F201FC851D8004824F1 /* Assets.xcassets */; };
		E5CD5F241FC851D8004824F1 /* LaunchScreen.storyboard in Resources */ = {isa = PBXBuildFile; fileRef = E5CD5F221FC851D8004824F1 /* LaunchScreen.storyboard */; };
/* End PBXBuildFile section */

/* Begin PBXContainerItemProxy section */
		E5CD5F2B1FC851D8004824F1 /* PBXContainerItemProxy */ = {
			isa = PBXContainerItemProxy;
			containerPortal = E5CD5F0E1FC851D8004824F1 /* Project object */;
			proxyType = 1;
			remoteGlobalIDString = E5CD5F151FC851D8004824F1;
			remoteInfo = AnimalsInTheWorld;
		};
		E5CD5F361FC851D8004824F1 /* PBXContainerItemProxy */ = {
			isa = PBXContainerItemProxy;
			containerPortal = E5CD5F0E1FC851D8004824F1 /* Project object */;
			proxyType = 1;
			remoteGlobalIDString = E5CD5F151FC851D8004824F1;
			remoteInfo = AnimalsInTheWorld;
		};
/* End PBXContainerItemProxy section */

/* Begin PBXFileReference section */
		E533E8F91FE02A85001685D0 /* GMapViewController.swift */ = {isa = PBXFileReference; lastKnownFileType = sourcecode.swift; path = GMapViewController.swift; sourceTree = "<group>"; };
		E533E8FB1FE02E76001685D0 /* IntroductionViewController.swift */ = {isa = PBXFileReference; lastKnownFileType = sourcecode.swift; path = IntroductionViewController.swift; sourceTree = "<group>"; };
		E55A97401FCD547700D69251 /* bleu.png */ = {isa = PBXFileReference; lastKnownFileType = image.png; path = bleu.png; sourceTree = "<group>"; };
		E55A97421FCD548000D69251 /* terre.png */ = {isa = PBXFileReference; lastKnownFileType = image.png; path = terre.png; sourceTree = "<group>"; };
		E55A97441FCD5F2A00D69251 /* title.png */ = {isa = PBXFileReference; lastKnownFileType = image.png; path = title.png; sourceTree = "<group>"; };
		E55A97461FCD71DB00D69251 /* uga.png */ = {isa = PBXFileReference; lastKnownFileType = image.png; path = uga.png; sourceTree = "<group>"; };
		E5841ADA1FE13CA100DFD2CD /* AmeriqueNordViewController.swift */ = {isa = PBXFileReference; lastKnownFileType = sourcecode.swift; path = AmeriqueNordViewController.swift; sourceTree = "<group>"; };
		E5841ADC1FE13D4D00DFD2CD /* AmeriqueSudViewController.swift */ = {isa = PBXFileReference; lastKnownFileType = sourcecode.swift; path = AmeriqueSudViewController.swift; sourceTree = "<group>"; };
		E5841ADE1FE13DFE00DFD2CD /* AntarctiqueViewController.swift */ = {isa = PBXFileReference; lastKnownFileType = sourcecode.swift; path = AntarctiqueViewController.swift; sourceTree = "<group>"; };
		E5841AE01FE13E3400DFD2CD /* ArctiqueViewController.swift */ = {isa = PBXFileReference; lastKnownFileType = sourcecode.swift; path = ArctiqueViewController.swift; sourceTree = "<group>"; };
		E5841AE41FE13E9C00DFD2CD /* EuropeViewController.swift */ = {isa = PBXFileReference; lastKnownFileType = sourcecode.swift; path = EuropeViewController.swift; sourceTree = "<group>"; };
		E5841AE61FE13EE400DFD2CD /* AsieViewController.swift */ = {isa = PBXFileReference; lastKnownFileType = sourcecode.swift; path = AsieViewController.swift; sourceTree = "<group>"; };
		E5841AE81FE13EFC00DFD2CD /* OceanieViewController.swift */ = {isa = PBXFileReference; lastKnownFileType = sourcecode.swift; path = OceanieViewController.swift; sourceTree = "<group>"; };
		E5AC38BA1FCEB4C300D85821 /* ameriquenord.png */ = {isa = PBXFileReference; lastKnownFileType = image.png; path = ameriquenord.png; sourceTree = "<group>"; };
		E5AC38BB1FCEB4C300D85821 /* ameriquesud.png */ = {isa = PBXFileReference; lastKnownFileType = image.png; path = ameriquesud.png; sourceTree = "<group>"; };
		E5AC38BC1FCEB4C300D85821 /* arctique.gif */ = {isa = PBXFileReference; lastKnownFileType = image.gif; path = arctique.gif; sourceTree = "<group>"; };
		E5AC38BD1FCEB4C300D85821 /* afrique.png */ = {isa = PBXFileReference; lastKnownFileType = image.png; path = afrique.png; sourceTree = "<group>"; };
		E5AC38BE1FCEB4C300D85821 /* asie.png */ = {isa = PBXFileReference; lastKnownFileType = image.png; path = asie.png; sourceTree = "<group>"; };
		E5AC38BF1FCEB4C300D85821 /* antarctique.png */ = {isa = PBXFileReference; lastKnownFileType = image.png; path = antarctique.png; sourceTree = "<group>"; };
		E5AC38C61FCEB4CD00D85821 /* fleche.png */ = {isa = PBXFileReference; lastKnownFileType = image.png; path = fleche.png; sourceTree = "<group>"; };
		E5AC38C71FCEB4CD00D85821 /* europe.png */ = {isa = PBXFileReference; lastKnownFileType = image.png; path = europe.png; sourceTree = "<group>"; };
		E5AC38CA1FCEB4D300D85821 /* oceanie.png */ = {isa = PBXFileReference; lastKnownFileType = image.png; path = oceanie.png; sourceTree = "<group>"; };
		E5CD5F161FC851D8004824F1 /* AnimalsInTheWorld.app */ = {isa = PBXFileReference; explicitFileType = wrapper.application; includeInIndex = 0; path = AnimalsInTheWorld.app; sourceTree = BUILT_PRODUCTS_DIR; };
		E5CD5F191FC851D8004824F1 /* AppDelegate.swift */ = {isa = PBXFileReference; lastKnownFileType = sourcecode.swift; path = AppDelegate.swift; sourceTree = "<group>"; };
		E5CD5F1B1FC851D8004824F1 /* ViewController.swift */ = {isa = PBXFileReference; lastKnownFileType = sourcecode.swift; path = ViewController.swift; sourceTree = "<group>"; };
		E5CD5F1E1FC851D8004824F1 /* Base */ = {isa = PBXFileReference; lastKnownFileType = file.storyboard; name = Base; path = Base.lproj/Main.storyboard; sourceTree = "<group>"; };
		E5CD5F201FC851D8004824F1 /* Assets.xcassets */ = {isa = PBXFileReference; lastKnownFileType = folder.assetcatalog; path = Assets.xcassets; sourceTree = "<group>"; };
		E5CD5F231FC851D8004824F1 /* Base */ = {isa = PBXFileReference; lastKnownFileType = file.storyboard; name = Base; path = Base.lproj/LaunchScreen.storyboard; sourceTree = "<group>"; };
		E5CD5F251FC851D8004824F1 /* Info.plist */ = {isa = PBXFileReference; lastKnownFileType = text.plist.xml; path = Info.plist; sourceTree = "<group>"; };
		E5CD5F2A1FC851D8004824F1 /* AnimalsInTheWorldTests.xctest */ = {isa = PBXFileReference; explicitFileType = wrapper.cfbundle; includeInIndex = 0; path = AnimalsInTheWorldTests.xctest; sourceTree = BUILT_PRODUCTS_DIR; };
		E5CD5F351FC851D8004824F1 /* AnimalsInTheWorldUITests.xctest */ = {isa = PBXFileReference; explicitFileType = wrapper.cfbundle; includeInIndex = 0; path = AnimalsInTheWorldUITests.xctest; sourceTree = BUILT_PRODUCTS_DIR; };
/* End PBXFileReference section */

/* Begin PBXFrameworksBuildPhase section */
		E5CD5F131FC851D8004824F1 /* Frameworks */ = {
			isa = PBXFrameworksBuildPhase;
			buildActionMask = 2147483647;
			files = (
			);
			runOnlyForDeploymentPostprocessing = 0;
		};
		E5CD5F271FC851D8004824F1 /* Frameworks */ = {
			isa = PBXFrameworksBuildPhase;
			buildActionMask = 2147483647;
			files = (
			);
			runOnlyForDeploymentPostprocessing = 0;
		};
		E5CD5F321FC851D8004824F1 /* Frameworks */ = {
			isa = PBXFrameworksBuildPhase;
			buildActionMask = 2147483647;
			files = (
			);
			runOnlyForDeploymentPostprocessing = 0;
		};
/* End PBXFrameworksBuildPhase section */

/* Begin PBXGroup section */
		E5CD5F0D1FC851D8004824F1 = {
			isa = PBXGroup;
			children = (
				E5CD5F181FC851D8004824F1 /* AnimalsInTheWorld */,
				E5CD5F171FC851D8004824F1 /* Products */,
			);
			sourceTree = "<group>";
		};
		E5CD5F171FC851D8004824F1 /* Products */ = {
			isa = PBXGroup;
			children = (
				E5CD5F161FC851D8004824F1 /* AnimalsInTheWorld.app */,
				E5CD5F2A1FC851D8004824F1 /* AnimalsInTheWorldTests.xctest */,
				E5CD5F351FC851D8004824F1 /* AnimalsInTheWorldUITests.xctest */,
			);
			name = Products;
			sourceTree = "<group>";
		};
		E5CD5F181FC851D8004824F1 /* AnimalsInTheWorld */ = {
			isa = PBXGroup;
			children = (
				E5CD5F191FC851D8004824F1 /* AppDelegate.swift */,
				E5CD5F1B1FC851D8004824F1 /* ViewController.swift */,
				E5CD5F1D1FC851D8004824F1 /* Main.storyboard */,
				E5841AE81FE13EFC00DFD2CD /* OceanieViewController.swift */,
				E5841AE61FE13EE400DFD2CD /* AsieViewController.swift */,
				E5841AE41FE13E9C00DFD2CD /* EuropeViewController.swift */,
				E5841AE01FE13E3400DFD2CD /* ArctiqueViewController.swift */,
				E5841ADE1FE13DFE00DFD2CD /* AntarctiqueViewController.swift */,
				E5841ADC1FE13D4D00DFD2CD /* AmeriqueSudViewController.swift */,
				E5841ADA1FE13CA100DFD2CD /* AmeriqueNordViewController.swift */,
				E533E8FB1FE02E76001685D0 /* IntroductionViewController.swift */,
				E533E8F91FE02A85001685D0 /* GMapViewController.swift */,
				E5AC38CA1FCEB4D300D85821 /* oceanie.png */,
				E5AC38C71FCEB4CD00D85821 /* europe.png */,
				E5AC38C61FCEB4CD00D85821 /* fleche.png */,
				E5AC38BD1FCEB4C300D85821 /* afrique.png */,
				E5AC38BA1FCEB4C300D85821 /* ameriquenord.png */,
				E5AC38BB1FCEB4C300D85821 /* ameriquesud.png */,
				E5AC38BF1FCEB4C300D85821 /* antarctique.png */,
				E5AC38BC1FCEB4C300D85821 /* arctique.gif */,
				E5AC38BE1FCEB4C300D85821 /* asie.png */,
				E55A97461FCD71DB00D69251 /* uga.png */,
				E55A97441FCD5F2A00D69251 /* title.png */,
				E55A97421FCD548000D69251 /* terre.png */,
				E55A97401FCD547700D69251 /* bleu.png */,
				E5CD5F201FC851D8004824F1 /* Assets.xcassets */,
				E5CD5F221FC851D8004824F1 /* LaunchScreen.storyboard */,
				E5CD5F251FC851D8004824F1 /* Info.plist */,
			);
			path = AnimalsInTheWorld;
			sourceTree = "<group>";
		};
/* End PBXGroup section */

/* Begin PBXNativeTarget section */
		E5CD5F151FC851D8004824F1 /* AnimalsInTheWorld */ = {
			isa = PBXNativeTarget;
			buildConfigurationList = E5CD5F3E1FC851D8004824F1 /* Build configuration list for PBXNativeTarget "AnimalsInTheWorld" */;
			buildPhases = (
				E5CD5F121FC851D8004824F1 /* Sources */,
				E5CD5F131FC851D8004824F1 /* Frameworks */,
				E5CD5F141FC851D8004824F1 /* Resources */,
			);
			buildRules = (
			);
			dependencies = (
			);
			name = AnimalsInTheWorld;
			productName = AnimalsInTheWorld;
			productReference = E5CD5F161FC851D8004824F1 /* AnimalsInTheWorld.app */;
			productType = "com.apple.product-type.application";
		};
		E5CD5F291FC851D8004824F1 /* AnimalsInTheWorldTests */ = {
			isa = PBXNativeTarget;
			buildConfigurationList = E5CD5F411FC851D8004824F1 /* Build configuration list for PBXNativeTarget "AnimalsInTheWorldTests" */;
			buildPhases = (
				E5CD5F261FC851D8004824F1 /* Sources */,
				E5CD5F271FC851D8004824F1 /* Frameworks */,
				E5CD5F281FC851D8004824F1 /* Resources */,
			);
			buildRules = (
			);
			dependencies = (
				E5CD5F2C1FC851D8004824F1 /* PBXTargetDependency */,
			);
			name = AnimalsInTheWorldTests;
			productName = AnimalsInTheWorldTests;
			productReference = E5CD5F2A1FC851D8004824F1 /* AnimalsInTheWorldTests.xctest */;
			productType = "com.apple.product-type.bundle.unit-test";
		};
		E5CD5F341FC851D8004824F1 /* AnimalsInTheWorldUITests */ = {
			isa = PBXNativeTarget;
			buildConfigurationList = E5CD5F441FC851D8004824F1 /* Build configuration list for PBXNativeTarget "AnimalsInTheWorldUITests" */;
			buildPhases = (
				E5CD5F311FC851D8004824F1 /* Sources */,
				E5CD5F321FC851D8004824F1 /* Frameworks */,
				E5CD5F331FC851D8004824F1 /* Resources */,
			);
			buildRules = (
			);
			dependencies = (
				E5CD5F371FC851D8004824F1 /* PBXTargetDependency */,
			);
			name = AnimalsInTheWorldUITests;
			productName = AnimalsInTheWorldUITests;
			productReference = E5CD5F351FC851D8004824F1 /* AnimalsInTheWorldUITests.xctest */;
			productType = "com.apple.product-type.bundle.ui-testing";
		};
/* End PBXNativeTarget section */

/* Begin PBXProject section */
		E5CD5F0E1FC851D8004824F1 /* Project object */ = {
			isa = PBXProject;
			attributes = {
				LastSwiftUpdateCheck = 0900;
				LastUpgradeCheck = 0900;
				ORGANIZATIONNAME = "Fabien Rodet";
				TargetAttributes = {
					E5CD5F151FC851D8004824F1 = {
						CreatedOnToolsVersion = 9.0;
						ProvisioningStyle = Automatic;
					};
					E5CD5F291FC851D8004824F1 = {
						CreatedOnToolsVersion = 9.0;
						ProvisioningStyle = Automatic;
						TestTargetID = E5CD5F151FC851D8004824F1;
					};
					E5CD5F341FC851D8004824F1 = {
						CreatedOnToolsVersion = 9.0;
						ProvisioningStyle = Automatic;
						TestTargetID = E5CD5F151FC851D8004824F1;
					};
				};
			};
			buildConfigurationList = E5CD5F111FC851D8004824F1 /* Build configuration list for PBXProject "AnimalsInTheWorld" */;
			compatibilityVersion = "Xcode 8.0";
			developmentRegion = en;
			hasScannedForEncodings = 0;
			knownRegions = (
				en,
				Base,
			);
			mainGroup = E5CD5F0D1FC851D8004824F1;
			productRefGroup = E5CD5F171FC851D8004824F1 /* Products */;
			projectDirPath = "";
			projectRoot = "";
			targets = (
				E5CD5F151FC851D8004824F1 /* AnimalsInTheWorld */,
				E5CD5F291FC851D8004824F1 /* AnimalsInTheWorldTests */,
				E5CD5F341FC851D8004824F1 /* AnimalsInTheWorldUITests */,
			);
		};
/* End PBXProject section */

/* Begin PBXResourcesBuildPhase section */
		E5CD5F141FC851D8004824F1 /* Resources */ = {
			isa = PBXResourcesBuildPhase;
			buildActionMask = 2147483647;
			files = (
				E5CD5F241FC851D8004824F1 /* LaunchScreen.storyboard in Resources */,
				E5AC38C31FCEB4C300D85821 /* afrique.png in Resources */,
				E5AC38CB1FCEB4D300D85821 /* oceanie.png in Resources */,
				E5CD5F211FC851D8004824F1 /* Assets.xcassets in Resources */,
				E55A97451FCD5F2B00D69251 /* title.png in Resources */,
				E5AC38C11FCEB4C300D85821 /* ameriquesud.png in Resources */,
				E5AC38C41FCEB4C300D85821 /* asie.png in Resources */,
				E5AC38C51FCEB4C300D85821 /* antarctique.png in Resources */,
				E5CD5F1F1FC851D8004824F1 /* Main.storyboard in Resources */,
				E5AC38C81FCEB4CE00D85821 /* fleche.png in Resources */,
				E55A97411FCD547700D69251 /* bleu.png in Resources */,
				E5AC38C91FCEB4CE00D85821 /* europe.png in Resources */,
				E5AC38C21FCEB4C300D85821 /* arctique.gif in Resources */,
				E55A97431FCD548000D69251 /* terre.png in Resources */,
				E55A97471FCD71DB00D69251 /* uga.png in Resources */,
				E5AC38C01FCEB4C300D85821 /* ameriquenord.png in Resources */,
			);
			runOnlyForDeploymentPostprocessing = 0;
		};
		E5CD5F281FC851D8004824F1 /* Resources */ = {
			isa = PBXResourcesBuildPhase;
			buildActionMask = 2147483647;
			files = (
			);
			runOnlyForDeploymentPostprocessing = 0;
		};
		E5CD5F331FC851D8004824F1 /* Resources */ = {
			isa = PBXResourcesBuildPhase;
			buildActionMask = 2147483647;
			files = (
			);
			runOnlyForDeploymentPostprocessing = 0;
		};
/* End PBXResourcesBuildPhase section */

/* Begin PBXSourcesBuildPhase section */
		E5CD5F121FC851D8004824F1 /* Sources */ = {
			isa = PBXSourcesBuildPhase;
			buildActionMask = 2147483647;
			files = (
				E5841AE71FE13EE400DFD2CD /* AsieViewController.swift in Sources */,
				E5841AE11FE13E3400DFD2CD /* ArctiqueViewController.swift in Sources */,
				E533E8FA1FE02A85001685D0 /* GMapViewController.swift in Sources */,
				E5841ADF1FE13DFE00DFD2CD /* AntarctiqueViewController.swift in Sources */,
				E5CD5F1C1FC851D8004824F1 /* ViewController.swift in Sources */,
				E5CD5F1A1FC851D8004824F1 /* AppDelegate.swift in Sources */,
				E5841ADD1FE13D4D00DFD2CD /* AmeriqueSudViewController.swift in Sources */,
				E5841ADB1FE13CA100DFD2CD /* AmeriqueNordViewController.swift in Sources */,
				E5841AE91FE13EFC00DFD2CD /* OceanieViewController.swift in Sources */,
				E5841AE51FE13E9C00DFD2CD /* EuropeViewController.swift in Sources */,
				E533E8FC1FE02E76001685D0 /* IntroductionViewController.swift in Sources */,
			);
			runOnlyForDeploymentPostprocessing = 0;
		};
		E5CD5F261FC851D8004824F1 /* Sources */ = {
			isa = PBXSourcesBuildPhase;
			buildActionMask = 2147483647;
			files = (
			);
			runOnlyForDeploymentPostprocessing = 0;
		};
		E5CD5F311FC851D8004824F1 /* Sources */ = {
			isa = PBXSourcesBuildPhase;
			buildActionMask = 2147483647;
			files = (
			);
			runOnlyForDeploymentPostprocessing = 0;
		};
/* End PBXSourcesBuildPhase section */

/* Begin PBXTargetDependency section */
		E5CD5F2C1FC851D8004824F1 /* PBXTargetDependency */ = {
			isa = PBXTargetDependency;
			target = E5CD5F151FC851D8004824F1 /* AnimalsInTheWorld */;
			targetProxy = E5CD5F2B1FC851D8004824F1 /* PBXContainerItemProxy */;
		};
		E5CD5F371FC851D8004824F1 /* PBXTargetDependency */ = {
			isa = PBXTargetDependency;
			target = E5CD5F151FC851D8004824F1 /* AnimalsInTheWorld */;
			targetProxy = E5CD5F361FC851D8004824F1 /* PBXContainerItemProxy */;
		};
/* End PBXTargetDependency section */

/* Begin PBXVariantGroup section */
		E5CD5F1D1FC851D8004824F1 /* Main.storyboard */ = {
			isa = PBXVariantGroup;
			children = (
				E5CD5F1E1FC851D8004824F1 /* Base */,
			);
			name = Main.storyboard;
			sourceTree = "<group>";
		};
		E5CD5F221FC851D8004824F1 /* LaunchScreen.storyboard */ = {
			isa = PBXVariantGroup;
			children = (
				E5CD5F231FC851D8004824F1 /* Base */,
			);
			name = LaunchScreen.storyboard;
			sourceTree = "<group>";
		};
/* End PBXVariantGroup section */

/* Begin XCBuildConfiguration section */
		E5CD5F3C1FC851D8004824F1 /* Debug */ = {
			isa = XCBuildConfiguration;
			buildSettings = {
				ALWAYS_SEARCH_USER_PATHS = NO;
				CLANG_ANALYZER_NONNULL = YES;
				CLANG_ANALYZER_NUMBER_OBJECT_CONVERSION = YES_AGGRESSIVE;
				CLANG_CXX_LANGUAGE_STANDARD = "gnu++14";
				CLANG_CXX_LIBRARY = "libc++";
				CLANG_ENABLE_MODULES = YES;
				CLANG_ENABLE_OBJC_ARC = YES;
				CLANG_WARN_BLOCK_CAPTURE_AUTORELEASING = YES;
				CLANG_WARN_BOOL_CONVERSION = YES;
				CLANG_WARN_COMMA = YES;
				CLANG_WARN_CONSTANT_CONVERSION = YES;
				CLANG_WARN_DIRECT_OBJC_ISA_USAGE = YES_ERROR;
				CLANG_WARN_DOCUMENTATION_COMMENTS = YES;
				CLANG_WARN_EMPTY_BODY = YES;
				CLANG_WARN_ENUM_CONVERSION = YES;
				CLANG_WARN_INFINITE_RECURSION = YES;
				CLANG_WARN_INT_CONVERSION = YES;
				CLANG_WARN_NON_LITERAL_NULL_CONVERSION = YES;
				CLANG_WARN_OBJC_LITERAL_CONVERSION = YES;
				CLANG_WARN_OBJC_ROOT_CLASS = YES_ERROR;
				CLANG_WARN_RANGE_LOOP_ANALYSIS = YES;
				CLANG_WARN_STRICT_PROTOTYPES = YES;
				CLANG_WARN_SUSPICIOUS_MOVE = YES;
				CLANG_WARN_UNGUARDED_AVAILABILITY = YES_AGGRESSIVE;
				CLANG_WARN_UNREACHABLE_CODE = YES;
				CLANG_WARN__DUPLICATE_METHOD_MATCH = YES;
				CODE_SIGN_IDENTITY = "iPhone Developer";
				COPY_PHASE_STRIP = NO;
				DEBUG_INFORMATION_FORMAT = dwarf;
				ENABLE_STRICT_OBJC_MSGSEND = YES;
				ENABLE_TESTABILITY = YES;
				GCC_C_LANGUAGE_STANDARD = gnu11;
				GCC_DYNAMIC_NO_PIC = NO;
				GCC_NO_COMMON_BLOCKS = YES;
				GCC_OPTIMIZATION_LEVEL = 0;
				GCC_PREPROCESSOR_DEFINITIONS = (
					"DEBUG=1",
					"$(inherited)",
				);
				GCC_WARN_64_TO_32_BIT_CONVERSION = YES;
				GCC_WARN_ABOUT_RETURN_TYPE = YES_ERROR;
				GCC_WARN_UNDECLARED_SELECTOR = YES;
				GCC_WARN_UNINITIALIZED_AUTOS = YES_AGGRESSIVE;
				GCC_WARN_UNUSED_FUNCTION = YES;
				GCC_WARN_UNUSED_VARIABLE = YES;
				IPHONEOS_DEPLOYMENT_TARGET = 11.0;
				MTL_ENABLE_DEBUG_INFO = YES;
				ONLY_ACTIVE_ARCH = YES;
				SDKROOT = iphoneos;
				SWIFT_ACTIVE_COMPILATION_CONDITIONS = DEBUG;
				SWIFT_OPTIMIZATION_LEVEL = "-Onone";
			};
			name = Debug;
		};
		E5CD5F3D1FC851D8004824F1 /* Release */ = {
			isa = XCBuildConfiguration;
			buildSettings = {
				ALWAYS_SEARCH_USER_PATHS = NO;
				CLANG_ANALYZER_NONNULL = YES;
				CLANG_ANALYZER_NUMBER_OBJECT_CONVERSION = YES_AGGRESSIVE;
				CLANG_CXX_LANGUAGE_STANDARD = "gnu++14";
				CLANG_CXX_LIBRARY = "libc++";
				CLANG_ENABLE_MODULES = YES;
				CLANG_ENABLE_OBJC_ARC = YES;
				CLANG_WARN_BLOCK_CAPTURE_AUTORELEASING = YES;
				CLANG_WARN_BOOL_CONVERSION = YES;
				CLANG_WARN_COMMA = YES;
				CLANG_WARN_CONSTANT_CONVERSION = YES;
				CLANG_WARN_DIRECT_OBJC_ISA_USAGE = YES_ERROR;
				CLANG_WARN_DOCUMENTATION_COMMENTS = YES;
				CLANG_WARN_EMPTY_BODY = YES;
				CLANG_WARN_ENUM_CONVERSION = YES;
				CLANG_WARN_INFINITE_RECURSION = YES;
				CLANG_WARN_INT_CONVERSION = YES;
				CLANG_WARN_NON_LITERAL_NULL_CONVERSION = YES;
				CLANG_WARN_OBJC_LITERAL_CONVERSION = YES;
				CLANG_WARN_OBJC_ROOT_CLASS = YES_ERROR;
				CLANG_WARN_RANGE_LOOP_ANALYSIS = YES;
				CLANG_WARN_STRICT_PROTOTYPES = YES;
				CLANG_WARN_SUSPICIOUS_MOVE = YES;
				CLANG_WARN_UNGUARDED_AVAILABILITY = YES_AGGRESSIVE;
				CLANG_WARN_UNREACHABLE_CODE = YES;
				CLANG_WARN__DUPLICATE_METHOD_MATCH = YES;
				CODE_SIGN_IDENTITY = "iPhone Developer";
				COPY_PHASE_STRIP = NO;
				DEBUG_INFORMATION_FORMAT = "dwarf-with-dsym";
				ENABLE_NS_ASSERTIONS = NO;
				ENABLE_STRICT_OBJC_MSGSEND = YES;
				GCC_C_LANGUAGE_STANDARD = gnu11;
				GCC_NO_COMMON_BLOCKS = YES;
				GCC_WARN_64_TO_32_BIT_CONVERSION = YES;
				GCC_WARN_ABOUT_RETURN_TYPE = YES_ERROR;
				GCC_WARN_UNDECLARED_SELECTOR = YES;
				GCC_WARN_UNINITIALIZED_AUTOS = YES_AGGRESSIVE;
				GCC_WARN_UNUSED_FUNCTION = YES;
				GCC_WARN_UNUSED_VARIABLE = YES;
				IPHONEOS_DEPLOYMENT_TARGET = 11.0;
				MTL_ENABLE_DEBUG_INFO = NO;
				SDKROOT = iphoneos;
				SWIFT_OPTIMIZATION_LEVEL = "-Owholemodule";
				VALIDATE_PRODUCT = YES;
			};
			name = Release;
		};
		E5CD5F3F1FC851D8004824F1 /* Debug */ = {
			isa = XCBuildConfiguration;
			buildSettings = {
				ASSETCATALOG_COMPILER_APPICON_NAME = AppIcon;
				CODE_SIGN_STYLE = Automatic;
				INFOPLIST_FILE = AnimalsInTheWorld/Info.plist;
				LD_RUNPATH_SEARCH_PATHS = "$(inherited) @executable_path/Frameworks";
				PRODUCT_BUNDLE_IDENTIFIER = MMI.AnimalsInTheWorld;
				PRODUCT_NAME = "$(TARGET_NAME)";
				SWIFT_VERSION = 4.0;
				TARGETED_DEVICE_FAMILY = "1,2";
			};
			name = Debug;
		};
		E5CD5F401FC851D8004824F1 /* Release */ = {
			isa = XCBuildConfiguration;
			buildSettings = {
				ASSETCATALOG_COMPILER_APPICON_NAME = AppIcon;
				CODE_SIGN_STYLE = Automatic;
				INFOPLIST_FILE = AnimalsInTheWorld/Info.plist;
				LD_RUNPATH_SEARCH_PATHS = "$(inherited) @executable_path/Frameworks";
				PRODUCT_BUNDLE_IDENTIFIER = MMI.AnimalsInTheWorld;
				PRODUCT_NAME = "$(TARGET_NAME)";
				SWIFT_VERSION = 4.0;
				TARGETED_DEVICE_FAMILY = "1,2";
			};
			name = Release;
		};
		E5CD5F421FC851D8004824F1 /* Debug */ = {
			isa = XCBuildConfiguration;
			buildSettings = {
				ALWAYS_EMBED_SWIFT_STANDARD_LIBRARIES = YES;
				BUNDLE_LOADER = "$(TEST_HOST)";
				CODE_SIGN_STYLE = Automatic;
				INFOPLIST_FILE = AnimalsInTheWorldTests/Info.plist;
				LD_RUNPATH_SEARCH_PATHS = "$(inherited) @executable_path/Frameworks @loader_path/Frameworks";
				PRODUCT_BUNDLE_IDENTIFIER = MMI.AnimalsInTheWorldTests;
				PRODUCT_NAME = "$(TARGET_NAME)";
				SWIFT_VERSION = 4.0;
				TARGETED_DEVICE_FAMILY = "1,2";
				TEST_HOST = "$(BUILT_PRODUCTS_DIR)/AnimalsInTheWorld.app/AnimalsInTheWorld";
			};
			name = Debug;
		};
		E5CD5F431FC851D8004824F1 /* Release */ = {
			isa = XCBuildConfiguration;
			buildSettings = {
				ALWAYS_EMBED_SWIFT_STANDARD_LIBRARIES = YES;
				BUNDLE_LOADER = "$(TEST_HOST)";
				CODE_SIGN_STYLE = Automatic;
				INFOPLIST_FILE = AnimalsInTheWorldTests/Info.plist;
				LD_RUNPATH_SEARCH_PATHS = "$(inherited) @executable_path/Frameworks @loader_path/Frameworks";
				PRODUCT_BUNDLE_IDENTIFIER = MMI.AnimalsInTheWorldTests;
				PRODUCT_NAME = "$(TARGET_NAME)";
				SWIFT_VERSION = 4.0;
				TARGETED_DEVICE_FAMILY = "1,2";
				TEST_HOST = "$(BUILT_PRODUCTS_DIR)/AnimalsInTheWorld.app/AnimalsInTheWorld";
			};
			name = Release;
		};
		E5CD5F451FC851D8004824F1 /* Debug */ = {
			isa = XCBuildConfiguration;
			buildSettings = {
				ALWAYS_EMBED_SWIFT_STANDARD_LIBRARIES = YES;
				CODE_SIGN_STYLE = Automatic;
				INFOPLIST_FILE = AnimalsInTheWorldUITests/Info.plist;
				LD_RUNPATH_SEARCH_PATHS = "$(inherited) @executable_path/Frameworks @loader_path/Frameworks";
				PRODUCT_BUNDLE_IDENTIFIER = MMI.AnimalsInTheWorldUITests;
				PRODUCT_NAME = "$(TARGET_NAME)";
				SWIFT_VERSION = 4.0;
				TARGETED_DEVICE_FAMILY = "1,2";
				TEST_TARGET_NAME = AnimalsInTheWorld;
			};
			name = Debug;
		};
		E5CD5F461FC851D8004824F1 /* Release */ = {
			isa = XCBuildConfiguration;
			buildSettings = {
				ALWAYS_EMBED_SWIFT_STANDARD_LIBRARIES = YES;
				CODE_SIGN_STYLE = Automatic;
				INFOPLIST_FILE = AnimalsInTheWorldUITests/Info.plist;
				LD_RUNPATH_SEARCH_PATHS = "$(inherited) @executable_path/Frameworks @loader_path/Frameworks";
				PRODUCT_BUNDLE_IDENTIFIER = MMI.AnimalsInTheWorldUITests;
				PRODUCT_NAME = "$(TARGET_NAME)";
				SWIFT_VERSION = 4.0;
				TARGETED_DEVICE_FAMILY = "1,2";
				TEST_TARGET_NAME = AnimalsInTheWorld;
			};
			name = Release;
		};
/* End XCBuildConfiguration section */

/* Begin XCConfigurationList section */
		E5CD5F111FC851D8004824F1 /* Build configuration list for PBXProject "AnimalsInTheWorld" */ = {
			isa = XCConfigurationList;
			buildConfigurations = (
				E5CD5F3C1FC851D8004824F1 /* Debug */,
				E5CD5F3D1FC851D8004824F1 /* Release */,
			);
			defaultConfigurationIsVisible = 0;
			defaultConfigurationName = Release;
		};
		E5CD5F3E1FC851D8004824F1 /* Build configuration list for PBXNativeTarget "AnimalsInTheWorld" */ = {
			isa = XCConfigurationList;
			buildConfigurations = (
				E5CD5F3F1FC851D8004824F1 /* Debug */,
				E5CD5F401FC851D8004824F1 /* Release */,
			);
			defaultConfigurationIsVisible = 0;
			defaultConfigurationName = Release;
		};
		E5CD5F411FC851D8004824F1 /* Build configuration list for PBXNativeTarget "AnimalsInTheWorldTests" */ = {
			isa = XCConfigurationList;
			buildConfigurations = (
				E5CD5F421FC851D8004824F1 /* Debug */,
				E5CD5F431FC851D8004824F1 /* Release */,
			);
			defaultConfigurationIsVisible = 0;
			defaultConfigurationName = Release;
		};
		E5CD5F441FC851D8004824F1 /* Build configuration list for PBXNativeTarget "AnimalsInTheWorldUITests" */ = {
			isa = XCConfigurationList;
			buildConfigurations = (
				E5CD5F451FC851D8004824F1 /* Debug */,
				E5CD5F461FC851D8004824F1 /* Release */,
			);
			defaultConfigurationIsVisible = 0;
			defaultConfigurationName = Release;
		};
/* End XCConfigurationList section */
	};
	rootObject = E5CD5F0E1FC851D8004824F1 /* Project object */;
}
